
Microsoft Visual Studio Solution File, Format Version 12.00
# Visual Studio Version 17
VisualStudioVersion = 17.7.34221.43
MinimumVisualStudioVersion = 10.0.40219.1
Project("{8BC9CEB8-8B4A-11D0-8D11-00A0C91BC942}") = "soc23-1030-pair", "soc23-1030-pair.vcxproj", "{929A6B64-BC2C-45C6-96CD-1938590DC765}"
EndProject
Global
	GlobalSection(SolutionConfigurationPlatforms) = preSolution
		Debug|x64 = Debug|x64
		Debug|x86 = Debug|x86
		Release|x64 = Release|x64
		Release|x86 = Release|x86
	EndGlobalSection
	GlobalSection(ProjectConfigurationPlatforms) = postSolution
		{929A6B64-BC2C-45C6-96CD-1938590DC765}.Debug|x64.ActiveCfg = Debug|x64
		{929A6B64-BC2C-45C6-96CD-1938590DC765}.Debug|x64.Build.0 = Debug|x64
		{929A6B64-BC2C-45C6-96CD-1938590DC765}.Debug|x86.ActiveCfg = Debug|Win32
		{929A6B64-BC2C-45C6-96CD-1938590DC765}.Debug|x86.Build.0 = Debug|Win32
		{929A6B64-BC2C-45C6-96CD-1938590DC765}.Release|x64.ActiveCfg = Release|x64
		{929A6B64-BC2C-45C6-96CD-1938590DC765}.Release|x64.Build.0 = Release|x64
		{929A6B64-BC2C-45C6-96CD-1938590DC765}.Release|x86.ActiveCfg = Release|Win32
		{929A6B64-BC2C-45C6-96CD-1938590DC765}.Release|x86.Build.0 = Release|Win32
	EndGlobalSection
	GlobalSection(SolutionProperties) = preSolution
		HideSolutionNode = FALSE
	EndGlobalSection
	GlobalSection(ExtensibilityGlobals) = postSolution
		SolutionGuid = {6365AF3F-46E5-45FC-9ECD-7CCBCC06BA3C}
	EndGlobalSection
EndGlobal
